
Microsoft Visual Studio Solution File, Format Version 12.00
# Visual Studio 15
VisualStudioVersion = 15.0.27004.2008
MinimumVisualStudioVersion = 10.0.40219.1
Project("{FAE04EC0-301F-11D3-BF4B-00C04F79EFBC}") = "XrmPro-2-MiddlewareLambda", "XrmPro-2-MiddlewareLambda\XrmPro-2-MiddlewareLambda.csproj", "{31EB2F64-72EC-40E5-9C01-0AC0111E9703}"
EndProject
Global
	GlobalSection(SolutionConfigurationPlatforms) = preSolution
		Debug|Any CPU = Debug|Any CPU
		Release|Any CPU = Release|Any CPU
	EndGlobalSection
	GlobalSection(ProjectConfigurationPlatforms) = postSolution
		{31EB2F64-72EC-40E5-9C01-0AC0111E9703}.Debug|Any CPU.ActiveCfg = Debug|Any CPU
		{31EB2F64-72EC-40E5-9C01-0AC0111E9703}.Debug|Any CPU.Build.0 = Debug|Any CPU
		{31EB2F64-72EC-40E5-9C01-0AC0111E9703}.Release|Any CPU.ActiveCfg = Release|Any CPU
		{31EB2F64-72EC-40E5-9C01-0AC0111E9703}.Release|Any CPU.Build.0 = Release|Any CPU
	EndGlobalSection
	GlobalSection(SolutionProperties) = preSolution
		HideSolutionNode = FALSE
	EndGlobalSection
	GlobalSection(ExtensibilityGlobals) = postSolution
		SolutionGuid = {82C7CC8A-DC42-4066-8156-DC2533557D6E}
	EndGlobalSection
EndGlobal
